github.com/go-sql-driver/mysql v1.5.0 h1:ozyZYNQW3x3HtqT1jira07DN2PArx2v7/mN66gGcHOs=
github.com/go-sql-driver/mysql v1.5.0/go.mod h1:DCzpHaOWr8IXmIStZouvnhqoel9Qv2LBy8hT2VhHyBg=
github.com/karlseguin/ccache v2.0.3+incompatible h1:j68C9tWOROiOLWTS/kCGg9IcJG+ACqn5+0+t8Oh83UU=
github.com/karlseguin/ccache v2.0.3+incompatible/go.mod h1:CM9tNPzT6EdRh14+jiW8mEF9mkNZuuE51qmgGYUB93w=
github.com/karlseguin/expect v1.0.7 h1:OF4mqjblc450v8nKARBS5Q0AweBNR0A+O3VjjpxwBrg=
github.com/karlseguin/expect v1.0.7/go.mod h1:lXdI8iGiQhmzpnnmU/EGA60vqKs8NbRNFnhhrJGoD5g=
github.com/rz1226/cache v1.0.1 h1:daeZcNwa/0hT/KrRUnqq+CwC47bRT9kHe3doClXlP5U=
github.com/rz1226/cache v1.0.1/go.mod h1:u6Yo044lAD+FrvGltGu6J9iRr8gKpSJD6SpcXFrcJe4=
github.com/rz1226/encrypt v1.0.1 h1:LTJQuZEC+zE1KPIs55Pvd3TYGVDcpsadQStUBnUo6LI=
github.com/rz1226/encrypt v1.0.1/go.mod h1:364qrxGsTsnyX3vnTHRlINUGhBG5Yj/EpqnBJqCdvtg=
github.com/rz1226/gobutil v1.0.2 h1:cDZM75camOdDEOrfc/uCNdKOtO5kROaE48w0mSOTSnk=
github.com/rz1226/gobutil v1.0.2/go.mod h1:gcoXyM/nq52p7/ViFx2Op/loastWTBshPYQLSp1E9BQ=
github.com/rz1226/mysqlx v1.0.4 h1:QeJQr7s9lS6oDl7JvHp2kCx6STOnjRjbWyMWOhptJqU=
github.com/rz1226/mysqlx v1.0.4/go.mod h1:kNwtoJLOJXF4X7cATJwMNLWwmXYTlR26kL4XDxGH/TU=
github.com/rz1226/rztool v1.0.2 h1:bJE6YVrXKV9yJkM2vAuj+GqrU09e7EUken7mxjbSj7g=
github.com/rz1226/rztool v1.0.2/go.mod h1:lVfVVAfdJa4R3QKTmyqPU4iMVAqPix2FLqc65cK9nn4=
github.com/wsxiaoys/terminal v0.0.0-20160513160801-0940f3fc43a0 h1:3UeQBvD0TFrlVjOeLOBz+CPAI8dnbqNSVwUwRrkp7vQ=
github.com/wsxiaoys/terminal v0.0.0-20160513160801-0940f3fc43a0/go.mod h1:IXCdmsXIht47RaVFLEdVnh1t+pgYtTAhQGj73kz+2DM=
