github.com/go-sql-driver/mysql v1.5.0 h1:ozyZYNQW3x3HtqT1jira07DN2PArx2v7/mN66gGcHOs=
github.com/go-sql-driver/mysql v1.5.0/go.mod h1:DCzpHaOWr8IXmIStZouvnhqoel9Qv2LBy8hT2VhHyBg=
github.com/rz1226/encrypt v1.0.1 h1:LTJQuZEC+zE1KPIs55Pvd3TYGVDcpsadQStUBnUo6LI=
github.com/rz1226/encrypt v1.0.1/go.mod h1:364qrxGsTsnyX3vnTHRlINUGhBG5Yj/EpqnBJqCdvtg=
github.com/rz1226/gobutil v1.0.2 h1:cDZM75camOdDEOrfc/uCNdKOtO5kROaE48w0mSOTSnk=
github.com/rz1226/gobutil v1.0.2/go.mod h1:gcoXyM/nq52p7/ViFx2Op/loastWTBshPYQLSp1E9BQ=
github.com/rz1226/mysqlx v1.0.4 h1:QeJQr7s9lS6oDl7JvHp2kCx6STOnjRjbWyMWOhptJqU=
github.com/rz1226/mysqlx v1.0.4/go.mod h1:kNwtoJLOJXF4X7cATJwMNLWwmXYTlR26kL4XDxGH/TU=
